
Microsoft Visual Studio Solution File, Format Version 12.00
# Visual Studio 15
VisualStudioVersion = 15.0.28010.2036
MinimumVisualStudioVersion = 10.0.40219.1
Project("{FAE04EC0-301F-11D3-BF4B-00C04F79EFBC}") = "GeometryUtils", "GeometryUtils\GeometryUtils.csproj", "{0825028F-30B7-462B-AF97-132DC03DB4B7}"
EndProject
Project("{FAE04EC0-301F-11D3-BF4B-00C04F79EFBC}") = "Clipper", "Clipper\Clipper.csproj", "{35F21B30-FF0D-494F-A530-0AEE02438651}"
EndProject
Project("{9A19103F-16F7-4668-BE54-9A1E7A4F7556}") = "GeometryUtils.Test", "GeometryUtils.Test\GeometryUtils.Test.csproj", "{7CBE3AE8-9636-4BE3-9C57-A25F2332EF97}"
EndProject
Project("{FAE04EC0-301F-11D3-BF4B-00C04F79EFBC}") = "SvgNest", "SvgNest\SvgNest.csproj", "{50F7BAD3-B1AF-4C9F-B7D3-A0E6967EBBE5}"
EndProject
Project("{FAE04EC0-301F-11D3-BF4B-00C04F79EFBC}") = "SvgNest.Test", "SvgNest.Test\SvgNest.Test.csproj", "{4E2F1C1E-8FF3-42C6-88D1-C4632D3F1D1C}"
EndProject
Global
	GlobalSection(SolutionConfigurationPlatforms) = preSolution
		Debug|Any CPU = Debug|Any CPU
		Release|Any CPU = Release|Any CPU
	EndGlobalSection
	GlobalSection(ProjectConfigurationPlatforms) = postSolution
		{0825028F-30B7-462B-AF97-132DC03DB4B7}.Debug|Any CPU.ActiveCfg = Debug|Any CPU
		{0825028F-30B7-462B-AF97-132DC03DB4B7}.Debug|Any CPU.Build.0 = Debug|Any CPU
		{0825028F-30B7-462B-AF97-132DC03DB4B7}.Release|Any CPU.ActiveCfg = Release|Any CPU
		{0825028F-30B7-462B-AF97-132DC03DB4B7}.Release|Any CPU.Build.0 = Release|Any CPU
		{35F21B30-FF0D-494F-A530-0AEE02438651}.Debug|Any CPU.ActiveCfg = Debug|Any CPU
		{35F21B30-FF0D-494F-A530-0AEE02438651}.Debug|Any CPU.Build.0 = Debug|Any CPU
		{35F21B30-FF0D-494F-A530-0AEE02438651}.Release|Any CPU.ActiveCfg = Release|Any CPU
		{35F21B30-FF0D-494F-A530-0AEE02438651}.Release|Any CPU.Build.0 = Release|Any CPU
		{7CBE3AE8-9636-4BE3-9C57-A25F2332EF97}.Debug|Any CPU.ActiveCfg = Debug|Any CPU
		{7CBE3AE8-9636-4BE3-9C57-A25F2332EF97}.Debug|Any CPU.Build.0 = Debug|Any CPU
		{7CBE3AE8-9636-4BE3-9C57-A25F2332EF97}.Release|Any CPU.ActiveCfg = Release|Any CPU
		{7CBE3AE8-9636-4BE3-9C57-A25F2332EF97}.Release|Any CPU.Build.0 = Release|Any CPU
		{50F7BAD3-B1AF-4C9F-B7D3-A0E6967EBBE5}.Debug|Any CPU.ActiveCfg = Debug|Any CPU
		{50F7BAD3-B1AF-4C9F-B7D3-A0E6967EBBE5}.Debug|Any CPU.Build.0 = Debug|Any CPU
		{50F7BAD3-B1AF-4C9F-B7D3-A0E6967EBBE5}.Release|Any CPU.ActiveCfg = Release|Any CPU
		{50F7BAD3-B1AF-4C9F-B7D3-A0E6967EBBE5}.Release|Any CPU.Build.0 = Release|Any CPU
		{4E2F1C1E-8FF3-42C6-88D1-C4632D3F1D1C}.Debug|Any CPU.ActiveCfg = Debug|Any CPU
		{4E2F1C1E-8FF3-42C6-88D1-C4632D3F1D1C}.Debug|Any CPU.Build.0 = Debug|Any CPU
		{4E2F1C1E-8FF3-42C6-88D1-C4632D3F1D1C}.Release|Any CPU.ActiveCfg = Release|Any CPU
		{4E2F1C1E-8FF3-42C6-88D1-C4632D3F1D1C}.Release|Any CPU.Build.0 = Release|Any CPU
	EndGlobalSection
	GlobalSection(SolutionProperties) = preSolution
		HideSolutionNode = FALSE
	EndGlobalSection
	GlobalSection(ExtensibilityGlobals) = postSolution
		SolutionGuid = {1CBF19F8-3A69-4AFD-BCEB-C61BEB1388AC}
	EndGlobalSection
EndGlobal
